
Microsoft Visual Studio Solution File, Format Version 12.00
# Visual Studio Version 17
VisualStudioVersion = 17.5.002.0
MinimumVisualStudioVersion = 10.0.40219.1
Project("{9A19103F-16F7-4668-BE54-9A1E7A4F7556}") = "cpf", "cpf.csproj", "{132F4948-D193-4898-84F4-19DB303BAE22}"
EndProject
Global
	GlobalSection(SolutionConfigurationPlatforms) = preSolution
		Debug|Any CPU = Debug|Any CPU
		Release|Any CPU = Release|Any CPU
	EndGlobalSection
	GlobalSection(ProjectConfigurationPlatforms) = postSolution
		{132F4948-D193-4898-84F4-19DB303BAE22}.Debug|Any CPU.ActiveCfg = Debug|Any CPU
		{132F4948-D193-4898-84F4-19DB303BAE22}.Debug|Any CPU.Build.0 = Debug|Any CPU
		{132F4948-D193-4898-84F4-19DB303BAE22}.Release|Any CPU.ActiveCfg = Release|Any CPU
		{132F4948-D193-4898-84F4-19DB303BAE22}.Release|Any CPU.Build.0 = Release|Any CPU
	EndGlobalSection
	GlobalSection(SolutionProperties) = preSolution
		HideSolutionNode = FALSE
	EndGlobalSection
	GlobalSection(ExtensibilityGlobals) = postSolution
		SolutionGuid = {93907D05-6374-4F9F-A8C9-BAB680DE7A13}
	EndGlobalSection
EndGlobal
