
Microsoft Visual Studio Solution File, Format Version 12.00
# Visual Studio Version 17
VisualStudioVersion = 17.5.002.0
MinimumVisualStudioVersion = 10.0.40219.1
Project("{9A19103F-16F7-4668-BE54-9A1E7A4F7556}") = "bubble-sort", "bubble-sort\bubble-sort.csproj", "{56FF0A64-43B0-4825-B618-2042A7E7D62D}"
EndProject
Global
	GlobalSection(SolutionConfigurationPlatforms) = preSolution
		Debug|Any CPU = Debug|Any CPU
		Release|Any CPU = Release|Any CPU
	EndGlobalSection
	GlobalSection(ProjectConfigurationPlatforms) = postSolution
		{56FF0A64-43B0-4825-B618-2042A7E7D62D}.Debug|Any CPU.ActiveCfg = Debug|Any CPU
		{56FF0A64-43B0-4825-B618-2042A7E7D62D}.Debug|Any CPU.Build.0 = Debug|Any CPU
		{56FF0A64-43B0-4825-B618-2042A7E7D62D}.Release|Any CPU.ActiveCfg = Release|Any CPU
		{56FF0A64-43B0-4825-B618-2042A7E7D62D}.Release|Any CPU.Build.0 = Release|Any CPU
	EndGlobalSection
	GlobalSection(SolutionProperties) = preSolution
		HideSolutionNode = FALSE
	EndGlobalSection
	GlobalSection(ExtensibilityGlobals) = postSolution
		SolutionGuid = {830D162A-AC5E-4609-B620-50F66FD1C34D}
	EndGlobalSection
EndGlobal
