
Microsoft Visual Studio Solution File, Format Version 12.00
# Visual Studio Version 17
VisualStudioVersion = 17.5.002.0
MinimumVisualStudioVersion = 10.0.40219.1
Project("{9A19103F-16F7-4668-BE54-9A1E7A4F7556}") = "demo", "demo.csproj", "{1C9F34AE-9D3D-458B-B14B-72FEC1D17041}"
EndProject
Global
	GlobalSection(SolutionConfigurationPlatforms) = preSolution
		Debug|Any CPU = Debug|Any CPU
		Release|Any CPU = Release|Any CPU
	EndGlobalSection
	GlobalSection(ProjectConfigurationPlatforms) = postSolution
		{1C9F34AE-9D3D-458B-B14B-72FEC1D17041}.Debug|Any CPU.ActiveCfg = Debug|Any CPU
		{1C9F34AE-9D3D-458B-B14B-72FEC1D17041}.Debug|Any CPU.Build.0 = Debug|Any CPU
		{1C9F34AE-9D3D-458B-B14B-72FEC1D17041}.Release|Any CPU.ActiveCfg = Release|Any CPU
		{1C9F34AE-9D3D-458B-B14B-72FEC1D17041}.Release|Any CPU.Build.0 = Release|Any CPU
	EndGlobalSection
	GlobalSection(SolutionProperties) = preSolution
		HideSolutionNode = FALSE
	EndGlobalSection
	GlobalSection(ExtensibilityGlobals) = postSolution
		SolutionGuid = {3F0252BD-2736-47FB-A2C2-549757D081D5}
	EndGlobalSection
EndGlobal
