
Microsoft Visual Studio Solution File, Format Version 12.00
# Visual Studio Version 17
VisualStudioVersion = 17.5.002.0
MinimumVisualStudioVersion = 10.0.40219.1
Project("{9A19103F-16F7-4668-BE54-9A1E7A4F7556}") = "tasks_and_deadlines", "tasks_and_deadlines.csproj", "{BE2C25DA-F746-45CC-A136-FACE558979CA}"
EndProject
Global
	GlobalSection(SolutionConfigurationPlatforms) = preSolution
		Debug|Any CPU = Debug|Any CPU
		Release|Any CPU = Release|Any CPU
	EndGlobalSection
	GlobalSection(ProjectConfigurationPlatforms) = postSolution
		{BE2C25DA-F746-45CC-A136-FACE558979CA}.Debug|Any CPU.ActiveCfg = Debug|Any CPU
		{BE2C25DA-F746-45CC-A136-FACE558979CA}.Debug|Any CPU.Build.0 = Debug|Any CPU
		{BE2C25DA-F746-45CC-A136-FACE558979CA}.Release|Any CPU.ActiveCfg = Release|Any CPU
		{BE2C25DA-F746-45CC-A136-FACE558979CA}.Release|Any CPU.Build.0 = Release|Any CPU
	EndGlobalSection
	GlobalSection(SolutionProperties) = preSolution
		HideSolutionNode = FALSE
	EndGlobalSection
	GlobalSection(ExtensibilityGlobals) = postSolution
		SolutionGuid = {C12BD725-5D69-4267-872F-805D27D0C688}
	EndGlobalSection
EndGlobal
